
Microsoft Visual Studio Solution File, Format Version 12.00
# Visual Studio Version 17
VisualStudioVersion = 17.2.32630.192
MinimumVisualStudioVersion = 10.0.40219.1
Project("{FAE04EC0-301F-11D3-BF4B-00C04F79EFBC}") = "CarritoDeCompras", "CarritoDeCompras\CarritoDeCompras.csproj", "{2BD6A921-BDD7-4B01-9965-1F5D437437EF}"
EndProject
Global
	GlobalSection(SolutionConfigurationPlatforms) = preSolution
		Debug|Any CPU = Debug|Any CPU
		Release|Any CPU = Release|Any CPU
	EndGlobalSection
	GlobalSection(ProjectConfigurationPlatforms) = postSolution
		{2BD6A921-BDD7-4B01-9965-1F5D437437EF}.Debug|Any CPU.ActiveCfg = Debug|Any CPU
		{2BD6A921-BDD7-4B01-9965-1F5D437437EF}.Debug|Any CPU.Build.0 = Debug|Any CPU
		{2BD6A921-BDD7-4B01-9965-1F5D437437EF}.Release|Any CPU.ActiveCfg = Release|Any CPU
		{2BD6A921-BDD7-4B01-9965-1F5D437437EF}.Release|Any CPU.Build.0 = Release|Any CPU
	EndGlobalSection
	GlobalSection(SolutionProperties) = preSolution
		HideSolutionNode = FALSE
	EndGlobalSection
	GlobalSection(ExtensibilityGlobals) = postSolution
		SolutionGuid = {24CA3745-8B56-4AAB-B69B-C1475EA2E849}
	EndGlobalSection
EndGlobal
